// !$*UTF8*$!
{
	archiveVersion = 1;
	classes = {
	};
	objectVersion = 55;
	objects = {

/* Begin PBXBuildFile section */
		43243F4B2785E99E0012F5A8 /* QuestionPanel.swift in Sources */ = {isa = PBXBuildFile; fileRef = 43243F4A2785E99E0012F5A8 /* QuestionPanel.swift */; };
		43243F4F2785EA0C0012F5A8 /* GameState.swift in Sources */ = {isa = PBXBuildFile; fileRef = 43243F4E2785EA0C0012F5A8 /* GameState.swift */; };
		43243F522785EB230012F5A8 /* QuestionProvider.swift in Sources */ = {isa = PBXBuildFile; fileRef = 43243F512785EB230012F5A8 /* QuestionProvider.swift */; };
		43243F542785EB4F0012F5A8 /* DummyQuestionProvider.swift in Sources */ = {isa = PBXBuildFile; fileRef = 43243F532785EB4F0012F5A8 /* DummyQuestionProvider.swift */; };
		43243F5A27861A280012F5A8 /* ArrayExtensions.swift in Sources */ = {isa = PBXBuildFile; fileRef = 43243F5927861A280012F5A8 /* ArrayExtensions.swift */; };
		4357BA462785A02F0061B58E /* QuizGameApp.swift in Sources */ = {isa = PBXBuildFile; fileRef = 4357BA452785A02F0061B58E /* QuizGameApp.swift */; };
		4357BA482785A02F0061B58E /* MainMenuView.swift in Sources */ = {isa = PBXBuildFile; fileRef = 4357BA472785A02F0061B58E /* MainMenuView.swift */; };
		4357BA4A2785A0300061B58E /* Assets.xcassets in Resources */ = {isa = PBXBuildFile; fileRef = 4357BA492785A0300061B58E /* Assets.xcassets */; };
		4357BA4D2785A0300061B58E /* Preview Assets.xcassets in Resources */ = {isa = PBXBuildFile; fileRef = 4357BA4C2785A0300061B58E /* Preview Assets.xcassets */; };
		4357BA552785A1530061B58E /* GameView.swift in Sources */ = {isa = PBXBuildFile; fileRef = 4357BA542785A1530061B58E /* GameView.swift */; };
		4357BA572785A15D0061B58E /* SummaryView.swift in Sources */ = {isa = PBXBuildFile; fileRef = 4357BA562785A15D0061B58E /* SummaryView.swift */; };
		4357BA5A2785A2920061B58E /* OptionCard.swift in Sources */ = {isa = PBXBuildFile; fileRef = 4357BA592785A2920061B58E /* OptionCard.swift */; };
		4357BA612785A3B60061B58E /* Bowser.png in Resources */ = {isa = PBXBuildFile; fileRef = 4357BA5D2785A3B60061B58E /* Bowser.png */; };
		4357BA622785A3B60061B58E /* Mario.png in Resources */ = {isa = PBXBuildFile; fileRef = 4357BA5E2785A3B60061B58E /* Mario.png */; };
		4357BA632785A3B60061B58E /* Luigi.png in Resources */ = {isa = PBXBuildFile; fileRef = 4357BA5F2785A3B60061B58E /* Luigi.png */; };
		4357BA642785A3B60061B58E /* Peach.png in Resources */ = {isa = PBXBuildFile; fileRef = 4357BA602785A3B60061B58E /* Peach.png */; };
		4357BA682785A4070061B58E /* QuizQuestion.swift in Sources */ = {isa = PBXBuildFile; fileRef = 4357BA672785A4070061B58E /* QuizQuestion.swift */; };
		4357BA6A2785A4660061B58E /* QuestionOption.swift in Sources */ = {isa = PBXBuildFile; fileRef = 4357BA692785A4660061B58E /* QuestionOption.swift */; };
		4357BA6E2785A6050061B58E /* ImageQuestionOption.swift in Sources */ = {isa = PBXBuildFile; fileRef = 4357BA6D2785A6050061B58E /* ImageQuestionOption.swift */; };
		4357BA702785A6700061B58E /* TextQuestionOption.swift in Sources */ = {isa = PBXBuildFile; fileRef = 4357BA6F2785A6700061B58E /* TextQuestionOption.swift */; };
		4371D2112786322F00C6FE01 /* LifelinePanel.swift in Sources */ = {isa = PBXBuildFile; fileRef = 4371D2102786322F00C6FE01 /* LifelinePanel.swift */; };
		4371D2182786337F00C6FE01 /* LifelineOne.png in Resources */ = {isa = PBXBuildFile; fileRef = 4371D2162786337F00C6FE01 /* LifelineOne.png */; };
		4371D2192786337F00C6FE01 /* LifelineTwo.jpeg in Resources */ = {isa = PBXBuildFile; fileRef = 4371D2172786337F00C6FE01 /* LifelineTwo.jpeg */; };
		4371D21B278635D100C6FE01 /* LifelineButton.swift in Sources */ = {isa = PBXBuildFile; fileRef = 4371D21A278635D100C6FE01 /* LifelineButton.swift */; };
		4371D21D278639C300C6FE01 /* Clock.jpeg in Resources */ = {isa = PBXBuildFile; fileRef = 4371D21C278639C300C6FE01 /* Clock.jpeg */; };
		4371D21F278639D400C6FE01 /* QuestionTimer.swift in Sources */ = {isa = PBXBuildFile; fileRef = 4371D21E278639D400C6FE01 /* QuestionTimer.swift */; };
		4371D221278641BA00C6FE01 /* Cross.png in Resources */ = {isa = PBXBuildFile; fileRef = 4371D220278641BA00C6FE01 /* Cross.png */; };
		4371D2232787686F00C6FE01 /* Lifeline.swift in Sources */ = {isa = PBXBuildFile; fileRef = 4371D2222787686F00C6FE01 /* Lifeline.swift */; };
/* End PBXBuildFile section */

/* Begin PBXFileReference section */
		43243F4A2785E99E0012F5A8 /* QuestionPanel.swift */ = {isa = PBXFileReference; lastKnownFileType = sourcecode.swift; path = QuestionPanel.swift; sourceTree = "<group>"; };
		43243F4E2785EA0C0012F5A8 /* GameState.swift */ = {isa = PBXFileReference; lastKnownFileType = sourcecode.swift; path = GameState.swift; sourceTree = "<group>"; };
		43243F512785EB230012F5A8 /* QuestionProvider.swift */ = {isa = PBXFileReference; lastKnownFileType = sourcecode.swift; path = QuestionProvider.swift; sourceTree = "<group>"; };
		43243F532785EB4F0012F5A8 /* DummyQuestionProvider.swift */ = {isa = PBXFileReference; lastKnownFileType = sourcecode.swift; path = DummyQuestionProvider.swift; sourceTree = "<group>"; };
		43243F5927861A280012F5A8 /* ArrayExtensions.swift */ = {isa = PBXFileReference; lastKnownFileType = sourcecode.swift; path = ArrayExtensions.swift; sourceTree = "<group>"; };
		4357BA422785A02F0061B58E /* QuizGame.app */ = {isa = PBXFileReference; explicitFileType = wrapper.application; includeInIndex = 0; path = QuizGame.app; sourceTree = BUILT_PRODUCTS_DIR; };
		4357BA452785A02F0061B58E /* QuizGameApp.swift */ = {isa = PBXFileReference; lastKnownFileType = sourcecode.swift; path = QuizGameApp.swift; sourceTree = "<group>"; };
		4357BA472785A02F0061B58E /* MainMenuView.swift */ = {isa = PBXFileReference; lastKnownFileType = sourcecode.swift; path = MainMenuView.swift; sourceTree = "<group>"; };
		4357BA492785A0300061B58E /* Assets.xcassets */ = {isa = PBXFileReference; lastKnownFileType = folder.assetcatalog; path = Assets.xcassets; sourceTree = "<group>"; };
		4357BA4C2785A0300061B58E /* Preview Assets.xcassets */ = {isa = PBXFileReference; lastKnownFileType = folder.assetcatalog; path = "Preview Assets.xcassets"; sourceTree = "<group>"; };
		4357BA542785A1530061B58E /* GameView.swift */ = {isa = PBXFileReference; lastKnownFileType = sourcecode.swift; path = GameView.swift; sourceTree = "<group>"; };
		4357BA562785A15D0061B58E /* SummaryView.swift */ = {isa = PBXFileReference; lastKnownFileType = sourcecode.swift; path = SummaryView.swift; sourceTree = "<group>"; };
		4357BA592785A2920061B58E /* OptionCard.swift */ = {isa = PBXFileReference; lastKnownFileType = sourcecode.swift; path = OptionCard.swift; sourceTree = "<group>"; };
		4357BA5D2785A3B60061B58E /* Bowser.png */ = {isa = PBXFileReference; lastKnownFileType = image.png; path = Bowser.png; sourceTree = "<group>"; };
		4357BA5E2785A3B60061B58E /* Mario.png */ = {isa = PBXFileReference; lastKnownFileType = image.png; path = Mario.png; sourceTree = "<group>"; };
		4357BA5F2785A3B60061B58E /* Luigi.png */ = {isa = PBXFileReference; lastKnownFileType = image.png; path = Luigi.png; sourceTree = "<group>"; };
		4357BA602785A3B60061B58E /* Peach.png */ = {isa = PBXFileReference; lastKnownFileType = image.png; path = Peach.png; sourceTree = "<group>"; };
		4357BA672785A4070061B58E /* QuizQuestion.swift */ = {isa = PBXFileReference; lastKnownFileType = sourcecode.swift; path = QuizQuestion.swift; sourceTree = "<group>"; };
		4357BA692785A4660061B58E /* QuestionOption.swift */ = {isa = PBXFileReference; lastKnownFileType = sourcecode.swift; path = QuestionOption.swift; sourceTree = "<group>"; };
		4357BA6D2785A6050061B58E /* ImageQuestionOption.swift */ = {isa = PBXFileReference; lastKnownFileType = sourcecode.swift; path = ImageQuestionOption.swift; sourceTree = "<group>"; };
		4357BA6F2785A6700061B58E /* TextQuestionOption.swift */ = {isa = PBXFileReference; lastKnownFileType = sourcecode.swift; path = TextQuestionOption.swift; sourceTree = "<group>"; };
		4371D2102786322F00C6FE01 /* LifelinePanel.swift */ = {isa = PBXFileReference; lastKnownFileType = sourcecode.swift; path = LifelinePanel.swift; sourceTree = "<group>"; };
		4371D2162786337F00C6FE01 /* LifelineOne.png */ = {isa = PBXFileReference; lastKnownFileType = image.png; path = LifelineOne.png; sourceTree = "<group>"; };
		4371D2172786337F00C6FE01 /* LifelineTwo.jpeg */ = {isa = PBXFileReference; lastKnownFileType = image.jpeg; path = LifelineTwo.jpeg; sourceTree = "<group>"; };
		4371D21A278635D100C6FE01 /* LifelineButton.swift */ = {isa = PBXFileReference; lastKnownFileType = sourcecode.swift; path = LifelineButton.swift; sourceTree = "<group>"; };
		4371D21C278639C300C6FE01 /* Clock.jpeg */ = {isa = PBXFileReference; lastKnownFileType = image.jpeg; path = Clock.jpeg; sourceTree = "<group>"; };
		4371D21E278639D400C6FE01 /* QuestionTimer.swift */ = {isa = PBXFileReference; lastKnownFileType = sourcecode.swift; path = QuestionTimer.swift; sourceTree = "<group>"; };
		4371D220278641BA00C6FE01 /* Cross.png */ = {isa = PBXFileReference; lastKnownFileType = image.png; path = Cross.png; sourceTree = "<group>"; };
		4371D2222787686F00C6FE01 /* Lifeline.swift */ = {isa = PBXFileReference; lastKnownFileType = sourcecode.swift; path = Lifeline.swift; sourceTree = "<group>"; };
/* End PBXFileReference section */

/* Begin PBXFrameworksBuildPhase section */
		4357BA3F2785A02F0061B58E /* Frameworks */ = {
			isa = PBXFrameworksBuildPhase;
			buildActionMask = 2147483647;
			files = (
			);
			runOnlyForDeploymentPostprocessing = 0;
		};
/* End PBXFrameworksBuildPhase section */

/* Begin PBXGroup section */
		43243F502785EB110012F5A8 /* services */ = {
			isa = PBXGroup;
			children = (
				43243F512785EB230012F5A8 /* QuestionProvider.swift */,
				43243F532785EB4F0012F5A8 /* DummyQuestionProvider.swift */,
			);
			path = services;
			sourceTree = "<group>";
		};
		43243F5827861A150012F5A8 /* extensions */ = {
			isa = PBXGroup;
			children = (
				43243F5927861A280012F5A8 /* ArrayExtensions.swift */,
			);
			path = extensions;
			sourceTree = "<group>";
		};
		4357BA392785A02F0061B58E = {
			isa = PBXGroup;
			children = (
				4357BA442785A02F0061B58E /* QuizGame */,
				4357BA432785A02F0061B58E /* Products */,
			);
			sourceTree = "<group>";
		};
		4357BA432785A02F0061B58E /* Products */ = {
			isa = PBXGroup;
			children = (
				4357BA422785A02F0061B58E /* QuizGame.app */,
			);
			name = Products;
			sourceTree = "<group>";
		};
		4357BA442785A02F0061B58E /* QuizGame */ = {
			isa = PBXGroup;
			children = (
				4357BA5C2785A3610061B58E /* images */,
				4357BA5B2785A3550061B58E /* scripts */,
				4357BA492785A0300061B58E /* Assets.xcassets */,
				4357BA4B2785A0300061B58E /* Preview Content */,
			);
			path = QuizGame;
			sourceTree = "<group>";
		};
		4357BA4B2785A0300061B58E /* Preview Content */ = {
			isa = PBXGroup;
			children = (
				4357BA4C2785A0300061B58E /* Preview Assets.xcassets */,
			);
			path = "Preview Content";
			sourceTree = "<group>";
		};
		4357BA532785A1430061B58E /* ui */ = {
			isa = PBXGroup;
			children = (
				4357BA662785A3D30061B58E /* components */,
				4357BA652785A3CF0061B58E /* view */,
			);
			path = ui;
			sourceTree = "<group>";
		};
		4357BA582785A1630061B58E /* model */ = {
			isa = PBXGroup;
			children = (
				4357BA672785A4070061B58E /* QuizQuestion.swift */,
				4357BA692785A4660061B58E /* QuestionOption.swift */,
				4357BA6D2785A6050061B58E /* ImageQuestionOption.swift */,
				4357BA6F2785A6700061B58E /* TextQuestionOption.swift */,
				43243F4E2785EA0C0012F5A8 /* GameState.swift */,
				4371D2222787686F00C6FE01 /* Lifeline.swift */,
			);
			path = model;
			sourceTree = "<group>";
		};
		4357BA5B2785A3550061B58E /* scripts */ = {
			isa = PBXGroup;
			children = (
				43243F5827861A150012F5A8 /* extensions */,
				43243F502785EB110012F5A8 /* services */,
				4357BA582785A1630061B58E /* model */,
				4357BA532785A1430061B58E /* ui */,
				4357BA452785A02F0061B58E /* QuizGameApp.swift */,
			);
			path = scripts;
			sourceTree = "<group>";
		};
		4357BA5C2785A3610061B58E /* images */ = {
			isa = PBXGroup;
			children = (
				4371D220278641BA00C6FE01 /* Cross.png */,
				4371D21C278639C300C6FE01 /* Clock.jpeg */,
				4371D2162786337F00C6FE01 /* LifelineOne.png */,
				4371D2172786337F00C6FE01 /* LifelineTwo.jpeg */,
				4357BA5D2785A3B60061B58E /* Bowser.png */,
				4357BA5F2785A3B60061B58E /* Luigi.png */,
				4357BA5E2785A3B60061B58E /* Mario.png */,
				4357BA602785A3B60061B58E /* Peach.png */,
			);
			path = images;
			sourceTree = "<group>";
		};
		4357BA652785A3CF0061B58E /* view */ = {
			isa = PBXGroup;
			children = (
				4357BA472785A02F0061B58E /* MainMenuView.swift */,
				4357BA542785A1530061B58E /* GameView.swift */,
				4357BA562785A15D0061B58E /* SummaryView.swift */,
			);
			path = view;
			sourceTree = "<group>";
		};
		4357BA662785A3D30061B58E /* components */ = {
			isa = PBXGroup;
			children = (
				4357BA592785A2920061B58E /* OptionCard.swift */,
				43243F4A2785E99E0012F5A8 /* QuestionPanel.swift */,
				4371D2102786322F00C6FE01 /* LifelinePanel.swift */,
				4371D21A278635D100C6FE01 /* LifelineButton.swift */,
				4371D21E278639D400C6FE01 /* QuestionTimer.swift */,
			);
			path = components;
			sourceTree = "<group>";
		};
/* End PBXGroup section */

/* Begin PBXNativeTarget section */
		4357BA412785A02F0061B58E /* QuizGame */ = {
			isa = PBXNativeTarget;
			buildConfigurationList = 4357BA502785A0300061B58E /* Build configuration list for PBXNativeTarget "QuizGame" */;
			buildPhases = (
				4357BA3E2785A02F0061B58E /* Sources */,
				4357BA3F2785A02F0061B58E /* Frameworks */,
				4357BA402785A02F0061B58E /* Resources */,
			);
			buildRules = (
			);
			dependencies = (
			);
			name = QuizGame;
			productName = QuizGame;
			productReference = 4357BA422785A02F0061B58E /* QuizGame.app */;
			productType = "com.apple.product-type.application";
		};
/* End PBXNativeTarget section */

/* Begin PBXProject section */
		4357BA3A2785A02F0061B58E /* Project object */ = {
			isa = PBXProject;
			attributes = {
				BuildIndependentTargetsInParallel = 1;
				LastSwiftUpdateCheck = 1320;
				LastUpgradeCheck = 1320;
				TargetAttributes = {
					4357BA412785A02F0061B58E = {
						CreatedOnToolsVersion = 13.2.1;
					};
				};
			};
			buildConfigurationList = 4357BA3D2785A02F0061B58E /* Build configuration list for PBXProject "QuizGame" */;
			compatibilityVersion = "Xcode 13.0";
			developmentRegion = en;
			hasScannedForEncodings = 0;
			knownRegions = (
				en,
				Base,
			);
			mainGroup = 4357BA392785A02F0061B58E;
			productRefGroup = 4357BA432785A02F0061B58E /* Products */;
			projectDirPath = "";
			projectRoot = "";
			targets = (
				4357BA412785A02F0061B58E /* QuizGame */,
			);
		};
/* End PBXProject section */

/* Begin PBXResourcesBuildPhase section */
		4357BA402785A02F0061B58E /* Resources */ = {
			isa = PBXResourcesBuildPhase;
			buildActionMask = 2147483647;
			files = (
				4357BA622785A3B60061B58E /* Mario.png in Resources */,
				4357BA4D2785A0300061B58E /* Preview Assets.xcassets in Resources */,
				4371D221278641BA00C6FE01 /* Cross.png in Resources */,
				4357BA4A2785A0300061B58E /* Assets.xcassets in Resources */,
				4371D21D278639C300C6FE01 /* Clock.jpeg in Resources */,
				4357BA642785A3B60061B58E /* Peach.png in Resources */,
				4371D2182786337F00C6FE01 /* LifelineOne.png in Resources */,
				4357BA632785A3B60061B58E /* Luigi.png in Resources */,
				4371D2192786337F00C6FE01 /* LifelineTwo.jpeg in Resources */,
				4357BA612785A3B60061B58E /* Bowser.png in Resources */,
			);
			runOnlyForDeploymentPostprocessing = 0;
		};
/* End PBXResourcesBuildPhase section */

/* Begin PBXSourcesBuildPhase section */
		4357BA3E2785A02F0061B58E /* Sources */ = {
			isa = PBXSourcesBuildPhase;
			buildActionMask = 2147483647;
			files = (
				4357BA702785A6700061B58E /* TextQuestionOption.swift in Sources */,
				4357BA682785A4070061B58E /* QuizQuestion.swift in Sources */,
				4357BA482785A02F0061B58E /* MainMenuView.swift in Sources */,
				43243F522785EB230012F5A8 /* QuestionProvider.swift in Sources */,
				43243F542785EB4F0012F5A8 /* DummyQuestionProvider.swift in Sources */,
				43243F4B2785E99E0012F5A8 /* QuestionPanel.swift in Sources */,
				4371D2112786322F00C6FE01 /* LifelinePanel.swift in Sources */,
				4357BA572785A15D0061B58E /* SummaryView.swift in Sources */,
				43243F4F2785EA0C0012F5A8 /* GameState.swift in Sources */,
				4357BA6E2785A6050061B58E /* ImageQuestionOption.swift in Sources */,
				4357BA552785A1530061B58E /* GameView.swift in Sources */,
				4357BA5A2785A2920061B58E /* OptionCard.swift in Sources */,
				4357BA462785A02F0061B58E /* QuizGameApp.swift in Sources */,
				4371D2232787686F00C6FE01 /* Lifeline.swift in Sources */,
				4357BA6A2785A4660061B58E /* QuestionOption.swift in Sources */,
				4371D21B278635D100C6FE01 /* LifelineButton.swift in Sources */,
				43243F5A27861A280012F5A8 /* ArrayExtensions.swift in Sources */,
				4371D21F278639D400C6FE01 /* QuestionTimer.swift in Sources */,
			);
			runOnlyForDeploymentPostprocessing = 0;
		};
/* End PBXSourcesBuildPhase section */

/* Begin XCBuildConfiguration section */
		4357BA4E2785A0300061B58E /* Debug */ = {
			isa = XCBuildConfiguration;
			buildSettings = {
				ALWAYS_SEARCH_USER_PATHS = NO;
				CLANG_ANALYZER_NONNULL = YES;
				CLANG_ANALYZER_NUMBER_OBJECT_CONVERSION = YES_AGGRESSIVE;
				CLANG_CXX_LANGUAGE_STANDARD = "gnu++17";
				CLANG_CXX_LIBRARY = "libc++";
				CLANG_ENABLE_MODULES = YES;
				CLANG_ENABLE_OBJC_ARC = YES;
				CLANG_ENABLE_OBJC_WEAK = YES;
				CLANG_WARN_BLOCK_CAPTURE_AUTORELEASING = YES;
				CLANG_WARN_BOOL_CONVERSION = YES;
				CLANG_WARN_COMMA = YES;
				CLANG_WARN_CONSTANT_CONVERSION = YES;
				CLANG_WARN_DEPRECATED_OBJC_IMPLEMENTATIONS = YES;
				CLANG_WARN_DIRECT_OBJC_ISA_USAGE = YES_ERROR;
				CLANG_WARN_DOCUMENTATION_COMMENTS = YES;
				CLANG_WARN_EMPTY_BODY = YES;
				CLANG_WARN_ENUM_CONVERSION = YES;
				CLANG_WARN_INFINITE_RECURSION = YES;
				CLANG_WARN_INT_CONVERSION = YES;
				CLANG_WARN_NON_LITERAL_NULL_CONVERSION = YES;
				CLANG_WARN_OBJC_IMPLICIT_RETAIN_SELF = YES;
				CLANG_WARN_OBJC_LITERAL_CONVERSION = YES;
				CLANG_WARN_OBJC_ROOT_CLASS = YES_ERROR;
				CLANG_WARN_QUOTED_INCLUDE_IN_FRAMEWORK_HEADER = YES;
				CLANG_WARN_RANGE_LOOP_ANALYSIS = YES;
				CLANG_WARN_STRICT_PROTOTYPES = YES;
				CLANG_WARN_SUSPICIOUS_MOVE = YES;
				CLANG_WARN_UNGUARDED_AVAILABILITY = YES_AGGRESSIVE;
				CLANG_WARN_UNREACHABLE_CODE = YES;
				CLANG_WARN__DUPLICATE_METHOD_MATCH = YES;
				COPY_PHASE_STRIP = NO;
				DEBUG_INFORMATION_FORMAT = dwarf;
				ENABLE_STRICT_OBJC_MSGSEND = YES;
				ENABLE_TESTABILITY = YES;
				GCC_C_LANGUAGE_STANDARD = gnu11;
				GCC_DYNAMIC_NO_PIC = NO;
				GCC_NO_COMMON_BLOCKS = YES;
				GCC_OPTIMIZATION_LEVEL = 0;
				GCC_PREPROCESSOR_DEFINITIONS = (
					"DEBUG=1",
					"$(inherited)",
				);
				GCC_WARN_64_TO_32_BIT_CONVERSION = YES;
				GCC_WARN_ABOUT_RETURN_TYPE = YES_ERROR;
				GCC_WARN_UNDECLARED_SELECTOR = YES;
				GCC_WARN_UNINITIALIZED_AUTOS = YES_AGGRESSIVE;
				GCC_WARN_UNUSED_FUNCTION = YES;
				GCC_WARN_UNUSED_VARIABLE = YES;
				IPHONEOS_DEPLOYMENT_TARGET = 15.2;
				MTL_ENABLE_DEBUG_INFO = INCLUDE_SOURCE;
				MTL_FAST_MATH = YES;
				ONLY_ACTIVE_ARCH = YES;
				SDKROOT = iphoneos;
				SWIFT_ACTIVE_COMPILATION_CONDITIONS = DEBUG;
				SWIFT_OPTIMIZATION_LEVEL = "-Onone";
			};
			name = Debug;
		};
		4357BA4F2785A0300061B58E /* Release */ = {
			isa = XCBuildConfiguration;
			buildSettings = {
				ALWAYS_SEARCH_USER_PATHS = NO;
				CLANG_ANALYZER_NONNULL = YES;
				CLANG_ANALYZER_NUMBER_OBJECT_CONVERSION = YES_AGGRESSIVE;
				CLANG_CXX_LANGUAGE_STANDARD = "gnu++17";
				CLANG_CXX_LIBRARY = "libc++";
				CLANG_ENABLE_MODULES = YES;
				CLANG_ENABLE_OBJC_ARC = YES;
				CLANG_ENABLE_OBJC_WEAK = YES;
				CLANG_WARN_BLOCK_CAPTURE_AUTORELEASING = YES;
				CLANG_WARN_BOOL_CONVERSION = YES;
				CLANG_WARN_COMMA = YES;
				CLANG_WARN_CONSTANT_CONVERSION = YES;
				CLANG_WARN_DEPRECATED_OBJC_IMPLEMENTATIONS = YES;
				CLANG_WARN_DIRECT_OBJC_ISA_USAGE = YES_ERROR;
				CLANG_WARN_DOCUMENTATION_COMMENTS = YES;
				CLANG_WARN_EMPTY_BODY = YES;
				CLANG_WARN_ENUM_CONVERSION = YES;
				CLANG_WARN_INFINITE_RECURSION = YES;
				CLANG_WARN_INT_CONVERSION = YES;
				CLANG_WARN_NON_LITERAL_NULL_CONVERSION = YES;
				CLANG_WARN_OBJC_IMPLICIT_RETAIN_SELF = YES;
				CLANG_WARN_OBJC_LITERAL_CONVERSION = YES;
				CLANG_WARN_OBJC_ROOT_CLASS = YES_ERROR;
				CLANG_WARN_QUOTED_INCLUDE_IN_FRAMEWORK_HEADER = YES;
				CLANG_WARN_RANGE_LOOP_ANALYSIS = YES;
				CLANG_WARN_STRICT_PROTOTYPES = YES;
				CLANG_WARN_SUSPICIOUS_MOVE = YES;
				CLANG_WARN_UNGUARDED_AVAILABILITY = YES_AGGRESSIVE;
				CLANG_WARN_UNREACHABLE_CODE = YES;
				CLANG_WARN__DUPLICATE_METHOD_MATCH = YES;
				COPY_PHASE_STRIP = NO;
				DEBUG_INFORMATION_FORMAT = "dwarf-with-dsym";
				ENABLE_NS_ASSERTIONS = NO;
				ENABLE_STRICT_OBJC_MSGSEND = YES;
				GCC_C_LANGUAGE_STANDARD = gnu11;
				GCC_NO_COMMON_BLOCKS = YES;
				GCC_WARN_64_TO_32_BIT_CONVERSION = YES;
				GCC_WARN_ABOUT_RETURN_TYPE = YES_ERROR;
				GCC_WARN_UNDECLARED_SELECTOR = YES;
				GCC_WARN_UNINITIALIZED_AUTOS = YES_AGGRESSIVE;
				GCC_WARN_UNUSED_FUNCTION = YES;
				GCC_WARN_UNUSED_VARIABLE = YES;
				IPHONEOS_DEPLOYMENT_TARGET = 15.2;
				MTL_ENABLE_DEBUG_INFO = NO;
				MTL_FAST_MATH = YES;
				SDKROOT = iphoneos;
				SWIFT_COMPILATION_MODE = wholemodule;
				SWIFT_OPTIMIZATION_LEVEL = "-O";
				VALIDATE_PRODUCT = YES;
			};
			name = Release;
		};
		4357BA512785A0300061B58E /* Debug */ = {
			isa = XCBuildConfiguration;
			buildSettings = {
				ASSETCATALOG_COMPILER_APPICON_NAME = AppIcon;
				ASSETCATALOG_COMPILER_GLOBAL_ACCENT_COLOR_NAME = AccentColor;
				CODE_SIGN_STYLE = Automatic;
				CURRENT_PROJECT_VERSION = 1;
				DEVELOPMENT_ASSET_PATHS = "\"QuizGame/Preview Content\"";
				DEVELOPMENT_TEAM = 4P3G8H5TQ3;
				ENABLE_PREVIEWS = YES;
				GENERATE_INFOPLIST_FILE = YES;
				INFOPLIST_KEY_UIApplicationSceneManifest_Generation = YES;
				INFOPLIST_KEY_UIApplicationSupportsIndirectInputEvents = YES;
				INFOPLIST_KEY_UILaunchScreen_Generation = YES;
				INFOPLIST_KEY_UISupportedInterfaceOrientations_iPad = "UIInterfaceOrientationPortrait UIInterfaceOrientationPortraitUpsideDown UIInterfaceOrientationLandscapeLeft UIInterfaceOrientationLandscapeRight";
				INFOPLIST_KEY_UISupportedInterfaceOrientations_iPhone = "UIInterfaceOrientationPortrait UIInterfaceOrientationLandscapeLeft UIInterfaceOrientationLandscapeRight";
				LD_RUNPATH_SEARCH_PATHS = (
					"$(inherited)",
					"@executable_path/Frameworks",
				);
				MARKETING_VERSION = 1.0;
				PRODUCT_BUNDLE_IDENTIFIER = nebsta.QuizGame;
				PRODUCT_NAME = "$(TARGET_NAME)";
				SWIFT_EMIT_LOC_STRINGS = YES;
				SWIFT_VERSION = 5.0;
				TARGETED_DEVICE_FAMILY = "1,2";
			};
			name = Debug;
		};
		4357BA522785A0300061B58E /* Release */ = {
			isa = XCBuildConfiguration;
			buildSettings = {
				ASSETCATALOG_COMPILER_APPICON_NAME = AppIcon;
				ASSETCATALOG_COMPILER_GLOBAL_ACCENT_COLOR_NAME = AccentColor;
				CODE_SIGN_STYLE = Automatic;
				CURRENT_PROJECT_VERSION = 1;
				DEVELOPMENT_ASSET_PATHS = "\"QuizGame/Preview Content\"";
				DEVELOPMENT_TEAM = 4P3G8H5TQ3;
				ENABLE_PREVIEWS = YES;
				GENERATE_INFOPLIST_FILE = YES;
				INFOPLIST_KEY_UIApplicationSceneManifest_Generation = YES;
				INFOPLIST_KEY_UIApplicationSupportsIndirectInputEvents = YES;
				INFOPLIST_KEY_UILaunchScreen_Generation = YES;
				INFOPLIST_KEY_UISupportedInterfaceOrientations_iPad = "UIInterfaceOrientationPortrait UIInterfaceOrientationPortraitUpsideDown UIInterfaceOrientationLandscapeLeft UIInterfaceOrientationLandscapeRight";
				INFOPLIST_KEY_UISupportedInterfaceOrientations_iPhone = "UIInterfaceOrientationPortrait UIInterfaceOrientationLandscapeLeft UIInterfaceOrientationLandscapeRight";
				LD_RUNPATH_SEARCH_PATHS = (
					"$(inherited)",
					"@executable_path/Frameworks",
				);
				MARKETING_VERSION = 1.0;
				PRODUCT_BUNDLE_IDENTIFIER = nebsta.QuizGame;
				PRODUCT_NAME = "$(TARGET_NAME)";
				SWIFT_EMIT_LOC_STRINGS = YES;
				SWIFT_VERSION = 5.0;
				TARGETED_DEVICE_FAMILY = "1,2";
			};
			name = Release;
		};
/* End XCBuildConfiguration section */

/* Begin XCConfigurationList section */
		4357BA3D2785A02F0061B58E /* Build configuration list for PBXProject "QuizGame" */ = {
			isa = XCConfigurationList;
			buildConfigurations = (
				4357BA4E2785A0300061B58E /* Debug */,
				4357BA4F2785A0300061B58E /* Release */,
			);
			defaultConfigurationIsVisible = 0;
			defaultConfigurationName = Release;
		};
		4357BA502785A0300061B58E /* Build configuration list for PBXNativeTarget "QuizGame" */ = {
			isa = XCConfigurationList;
			buildConfigurations = (
				4357BA512785A0300061B58E /* Debug */,
				4357BA522785A0300061B58E /* Release */,
			);
			defaultConfigurationIsVisible = 0;
			defaultConfigurationName = Release;
		};
/* End XCConfigurationList section */
	};
	rootObject = 4357BA3A2785A02F0061B58E /* Project object */;
}
